// !$*UTF8*$!
{
	archiveVersion = 1;
	classes = {
	};
	objectVersion = 46;
	objects = {

/* Begin PBXBuildFile section */
		3F0C5A561F279DC000F1AF1A /* MenuOnController.swift in Sources */ = {isa = PBXBuildFile; fileRef = 3F0C5A551F279DC000F1AF1A /* MenuOnController.swift */; };
		3F1CA88B1F323ADF001B50DA /* frontButton.swift in Sources */ = {isa = PBXBuildFile; fileRef = 3F1CA88A1F323ADF001B50DA /* frontButton.swift */; };
		3F429E721F3F6BE600C35DCD /* lutonController.swift in Sources */ = {isa = PBXBuildFile; fileRef = 3F429E711F3F6BE600C35DCD /* lutonController.swift */; };
		3F4AC65B1F697C8100F0BF11 /* GatwickContro.swift in Sources */ = {isa = PBXBuildFile; fileRef = 3F4AC65A1F697C8100F0BF11 /* GatwickContro.swift */; };
		3F4C21311F3B949F00081491 /* buttonViewController.swift in Sources */ = {isa = PBXBuildFile; fileRef = 3F4C21301F3B949F00081491 /* buttonViewController.swift */; };
		3F4C21331F3B99FA00081491 /* CircularTransition.swift in Sources */ = {isa = PBXBuildFile; fileRef = 3F4C21321F3B99FA00081491 /* CircularTransition.swift */; };
		3F5509301F266B4000DE9643 /* AppDelegate.swift in Sources */ = {isa = PBXBuildFile; fileRef = 3F55092F1F266B4000DE9643 /* AppDelegate.swift */; };
		3F5509321F266B4000DE9643 /* ViewController.swift in Sources */ = {isa = PBXBuildFile; fileRef = 3F5509311F266B4000DE9643 /* ViewController.swift */; };
		3F5509351F266B4000DE9643 /* Main.storyboard in Resources */ = {isa = PBXBuildFile; fileRef = 3F5509331F266B4000DE9643 /* Main.storyboard */; };
		3F5509371F266B4000DE9643 /* Assets.xcassets in Resources */ = {isa = PBXBuildFile; fileRef = 3F5509361F266B4000DE9643 /* Assets.xcassets */; };
		3F55093A1F266B4000DE9643 /* LaunchScreen.storyboard in Resources */ = {isa = PBXBuildFile; fileRef = 3F5509381F266B4000DE9643 /* LaunchScreen.storyboard */; };
		3FC23F8F1F7B098B005A6F88 /* TableViewCell.swift in Sources */ = {isa = PBXBuildFile; fileRef = 3FC23F8E1F7B098B005A6F88 /* TableViewCell.swift */; };
/* End PBXBuildFile section */

/* Begin PBXFileReference section */
		3F0C5A551F279DC000F1AF1A /* MenuOnController.swift */ = {isa = PBXFileReference; fileEncoding = 4; lastKnownFileType = sourcecode.swift; path = MenuOnController.swift; sourceTree = "<group>"; };
		3F1CA88A1F323ADF001B50DA /* frontButton.swift */ = {isa = PBXFileReference; fileEncoding = 4; lastKnownFileType = sourcecode.swift; path = frontButton.swift; sourceTree = "<group>"; };
		3F429E711F3F6BE600C35DCD /* lutonController.swift */ = {isa = PBXFileReference; fileEncoding = 4; lastKnownFileType = sourcecode.swift; path = lutonController.swift; sourceTree = "<group>"; };
		3F4AC65A1F697C8100F0BF11 /* GatwickContro.swift */ = {isa = PBXFileReference; fileEncoding = 4; lastKnownFileType = sourcecode.swift; path = GatwickContro.swift; sourceTree = "<group>"; };
		3F4C21301F3B949F00081491 /* buttonViewController.swift */ = {isa = PBXFileReference; fileEncoding = 4; lastKnownFileType = sourcecode.swift; path = buttonViewController.swift; sourceTree = "<group>"; };
		3F4C21321F3B99FA00081491 /* CircularTransition.swift */ = {isa = PBXFileReference; fileEncoding = 4; lastKnownFileType = sourcecode.swift; path = CircularTransition.swift; sourceTree = "<group>"; };
		3F55092C1F266B3F00DE9643 /* FlightMe.app */ = {isa = PBXFileReference; explicitFileType = wrapper.application; includeInIndex = 0; path = FlightMe.app; sourceTree = BUILT_PRODUCTS_DIR; };
		3F55092F1F266B4000DE9643 /* AppDelegate.swift */ = {isa = PBXFileReference; lastKnownFileType = sourcecode.swift; path = AppDelegate.swift; sourceTree = "<group>"; };
		3F5509311F266B4000DE9643 /* ViewController.swift */ = {isa = PBXFileReference; lastKnownFileType = sourcecode.swift; path = ViewController.swift; sourceTree = "<group>"; };
		3F5509341F266B4000DE9643 /* Base */ = {isa = PBXFileReference; lastKnownFileType = file.storyboard; name = Base; path = Base.lproj/Main.storyboard; sourceTree = "<group>"; };
		3F5509361F266B4000DE9643 /* Assets.xcassets */ = {isa = PBXFileReference; lastKnownFileType = folder.assetcatalog; path = Assets.xcassets; sourceTree = "<group>"; };
		3F5509391F266B4000DE9643 /* Base */ = {isa = PBXFileReference; lastKnownFileType = file.storyboard; name = Base; path = Base.lproj/LaunchScreen.storyboard; sourceTree = "<group>"; };
		3F55093B1F266B4000DE9643 /* Info.plist */ = {isa = PBXFileReference; lastKnownFileType = text.plist.xml; path = Info.plist; sourceTree = "<group>"; };
		3FC23F8E1F7B098B005A6F88 /* TableViewCell.swift */ = {isa = PBXFileReference; fileEncoding = 4; lastKnownFileType = sourcecode.swift; path = TableViewCell.swift; sourceTree = "<group>"; };
/* End PBXFileReference section */

/* Begin PBXFrameworksBuildPhase section */
		3F5509291F266B3F00DE9643 /* Frameworks */ = {
			isa = PBXFrameworksBuildPhase;
			buildActionMask = 2147483647;
			files = (
			);
			runOnlyForDeploymentPostprocessing = 0;
		};
/* End PBXFrameworksBuildPhase section */

/* Begin PBXGroup section */
		3F1CA8891F323AB9001B50DA /* FrontPage */ = {
			isa = PBXGroup;
			children = (
				3F1CA88A1F323ADF001B50DA /* frontButton.swift */,
			);
			name = FrontPage;
			sourceTree = "<group>";
		};
		3F429E6E1F3F6A4700C35DCD /* Luton */ = {
			isa = PBXGroup;
			children = (
				3F429E711F3F6BE600C35DCD /* lutonController.swift */,
			);
			name = Luton;
			sourceTree = "<group>";
		};
		3F4AC6591F697C5700F0BF11 /* Gatwick */ = {
			isa = PBXGroup;
			children = (
				3F4AC65A1F697C8100F0BF11 /* GatwickContro.swift */,
				3FC23F8E1F7B098B005A6F88 /* TableViewCell.swift */,
			);
			name = Gatwick;
			sourceTree = "<group>";
		};
		3F5509231F266B3F00DE9643 = {
			isa = PBXGroup;
			children = (
				3F55092E1F266B3F00DE9643 /* FlightMe */,
				3F55092D1F266B3F00DE9643 /* Products */,
			);
			sourceTree = "<group>";
		};
		3F55092D1F266B3F00DE9643 /* Products */ = {
			isa = PBXGroup;
			children = (
				3F55092C1F266B3F00DE9643 /* FlightMe.app */,
			);
			name = Products;
			sourceTree = "<group>";
		};
		3F55092E1F266B3F00DE9643 /* FlightMe */ = {
			isa = PBXGroup;
			children = (
				3F4AC6591F697C5700F0BF11 /* Gatwick */,
				3F429E6E1F3F6A4700C35DCD /* Luton */,
				3F1CA8891F323AB9001B50DA /* FrontPage */,
				3FEF320A1F2CFA0F00CCDF00 /* Menu */,
				3F55092F1F266B4000DE9643 /* AppDelegate.swift */,
				3F5509311F266B4000DE9643 /* ViewController.swift */,
				3F5509331F266B4000DE9643 /* Main.storyboard */,
				3F5509361F266B4000DE9643 /* Assets.xcassets */,
				3F5509381F266B4000DE9643 /* LaunchScreen.storyboard */,
				3F55093B1F266B4000DE9643 /* Info.plist */,
			);
			path = FlightMe;
			sourceTree = "<group>";
		};
		3FEF320A1F2CFA0F00CCDF00 /* Menu */ = {
			isa = PBXGroup;
			children = (
				3F0C5A551F279DC000F1AF1A /* MenuOnController.swift */,
				3F4C21301F3B949F00081491 /* buttonViewController.swift */,
				3F4C21321F3B99FA00081491 /* CircularTransition.swift */,
			);
			name = Menu;
			sourceTree = "<group>";
		};
/* End PBXGroup section */

/* Begin PBXNativeTarget section */
		3F55092B1F266B3F00DE9643 /* FlightMe */ = {
			isa = PBXNativeTarget;
			buildConfigurationList = 3F55093E1F266B4000DE9643 /* Build configuration list for PBXNativeTarget "FlightMe" */;
			buildPhases = (
				3F5509281F266B3F00DE9643 /* Sources */,
				3F5509291F266B3F00DE9643 /* Frameworks */,
				3F55092A1F266B3F00DE9643 /* Resources */,
			);
			buildRules = (
			);
			dependencies = (
			);
			name = FlightMe;
			productName = FlightMe;
			productReference = 3F55092C1F266B3F00DE9643 /* FlightMe.app */;
			productType = "com.apple.product-type.application";
		};
/* End PBXNativeTarget section */

/* Begin PBXProject section */
		3F5509241F266B3F00DE9643 /* Project object */ = {
			isa = PBXProject;
			attributes = {
				LastUpgradeCheck = 0830;
				ORGANIZATIONNAME = "MIHAIL BUTNARU";
				TargetAttributes = {
					3F55092B1F266B3F00DE9643 = {
						CreatedOnToolsVersion = 7.0;
						DevelopmentTeam = 44BDED39CD;
						LastSwiftMigration = 0830;
						ProvisioningStyle = Automatic;
					};
				};
			};
			buildConfigurationList = 3F5509271F266B3F00DE9643 /* Build configuration list for PBXProject "FlightMe" */;
			compatibilityVersion = "Xcode 3.2";
			developmentRegion = English;
			hasScannedForEncodings = 0;
			knownRegions = (
				en,
				Base,
			);
			mainGroup = 3F5509231F266B3F00DE9643;
			productRefGroup = 3F55092D1F266B3F00DE9643 /* Products */;
			projectDirPath = "";
			projectRoot = "";
			targets = (
				3F55092B1F266B3F00DE9643 /* FlightMe */,
			);
		};
/* End PBXProject section */

/* Begin PBXResourcesBuildPhase section */
		3F55092A1F266B3F00DE9643 /* Resources */ = {
			isa = PBXResourcesBuildPhase;
			buildActionMask = 2147483647;
			files = (
				3F55093A1F266B4000DE9643 /* LaunchScreen.storyboard in Resources */,
				3F5509371F266B4000DE9643 /* Assets.xcassets in Resources */,
				3F5509351F266B4000DE9643 /* Main.storyboard in Resources */,
			);
			runOnlyForDeploymentPostprocessing = 0;
		};
/* End PBXResourcesBuildPhase section */

/* Begin PBXSourcesBuildPhase section */
		3F5509281F266B3F00DE9643 /* Sources */ = {
			isa = PBXSourcesBuildPhase;
			buildActionMask = 2147483647;
			files = (
				3F5509321F266B4000DE9643 /* ViewController.swift in Sources */,
				3F4C21331F3B99FA00081491 /* CircularTransition.swift in Sources */,
				3F429E721F3F6BE600C35DCD /* lutonController.swift in Sources */,
				3FC23F8F1F7B098B005A6F88 /* TableViewCell.swift in Sources */,
				3F1CA88B1F323ADF001B50DA /* frontButton.swift in Sources */,
				3F0C5A561F279DC000F1AF1A /* MenuOnController.swift in Sources */,
				3F4AC65B1F697C8100F0BF11 /* GatwickContro.swift in Sources */,
				3F5509301F266B4000DE9643 /* AppDelegate.swift in Sources */,
				3F4C21311F3B949F00081491 /* buttonViewController.swift in Sources */,
			);
			runOnlyForDeploymentPostprocessing = 0;
		};
/* End PBXSourcesBuildPhase section */

/* Begin PBXVariantGroup section */
		3F5509331F266B4000DE9643 /* Main.storyboard */ = {
			isa = PBXVariantGroup;
			children = (
				3F5509341F266B4000DE9643 /* Base */,
			);
			name = Main.storyboard;
			sourceTree = "<group>";
		};
		3F5509381F266B4000DE9643 /* LaunchScreen.storyboard */ = {
			isa = PBXVariantGroup;
			children = (
				3F5509391F266B4000DE9643 /* Base */,
			);
			name = LaunchScreen.storyboard;
			sourceTree = "<group>";
		};
/* End PBXVariantGroup section */

/* Begin XCBuildConfiguration section */
		3F55093C1F266B4000DE9643 /* Debug */ = {
			isa = XCBuildConfiguration;
			buildSettings = {
				ALWAYS_SEARCH_USER_PATHS = NO;
				CLANG_CXX_LANGUAGE_STANDARD = "gnu++0x";
				CLANG_CXX_LIBRARY = "libc++";
				CLANG_ENABLE_MODULES = YES;
				CLANG_ENABLE_OBJC_ARC = YES;
				CLANG_WARN_BOOL_CONVERSION = YES;
				CLANG_WARN_CONSTANT_CONVERSION = YES;
				CLANG_WARN_DIRECT_OBJC_ISA_USAGE = YES_ERROR;
				CLANG_WARN_EMPTY_BODY = YES;
				CLANG_WARN_ENUM_CONVERSION = YES;
				CLANG_WARN_INFINITE_RECURSION = YES;
				CLANG_WARN_INT_CONVERSION = YES;
				CLANG_WARN_OBJC_ROOT_CLASS = YES_ERROR;
				CLANG_WARN_SUSPICIOUS_MOVE = YES;
				CLANG_WARN_UNREACHABLE_CODE = YES;
				CLANG_WARN__DUPLICATE_METHOD_MATCH = YES;
				CODE_SIGN_IDENTITY = "iPhone Developer";
				"CODE_SIGN_IDENTITY[sdk=iphoneos*]" = "iPhone Developer";
				COPY_PHASE_STRIP = NO;
				DEBUG_INFORMATION_FORMAT = dwarf;
				DEVELOPMENT_TEAM = 44BDED39CD;
				ENABLE_STRICT_OBJC_MSGSEND = YES;
				ENABLE_TESTABILITY = YES;
				GCC_C_LANGUAGE_STANDARD = gnu99;
				GCC_DYNAMIC_NO_PIC = NO;
				GCC_NO_COMMON_BLOCKS = YES;
				GCC_OPTIMIZATION_LEVEL = 0;
				GCC_PREPROCESSOR_DEFINITIONS = (
					"DEBUG=1",
					"$(inherited)",
				);
				GCC_WARN_64_TO_32_BIT_CONVERSION = YES;
				GCC_WARN_ABOUT_RETURN_TYPE = YES_ERROR;
				GCC_WARN_UNDECLARED_SELECTOR = YES;
				GCC_WARN_UNINITIALIZED_AUTOS = YES_AGGRESSIVE;
				GCC_WARN_UNUSED_FUNCTION = YES;
				GCC_WARN_UNUSED_VARIABLE = YES;
				IPHONEOS_DEPLOYMENT_TARGET = 9.0;
				MTL_ENABLE_DEBUG_INFO = YES;
				ONLY_ACTIVE_ARCH = YES;
				PROVISIONING_PROFILE_SPECIFIER = Automatic;
				SDKROOT = iphoneos;
				SWIFT_OPTIMIZATION_LEVEL = "-Onone";
			};
			name = Debug;
		};
		3F55093D1F266B4000DE9643 /* Release */ = {
			isa = XCBuildConfiguration;
			buildSettings = {
				ALWAYS_SEARCH_USER_PATHS = NO;
				CLANG_CXX_LANGUAGE_STANDARD = "gnu++0x";
				CLANG_CXX_LIBRARY = "libc++";
				CLANG_ENABLE_MODULES = YES;
				CLANG_ENABLE_OBJC_ARC = YES;
				CLANG_WARN_BOOL_CONVERSION = YES;
				CLANG_WARN_CONSTANT_CONVERSION = YES;
				CLANG_WARN_DIRECT_OBJC_ISA_USAGE = YES_ERROR;
				CLANG_WARN_EMPTY_BODY = YES;
				CLANG_WARN_ENUM_CONVERSION = YES;
				CLANG_WARN_INFINITE_RECURSION = YES;
				CLANG_WARN_INT_CONVERSION = YES;
				CLANG_WARN_OBJC_ROOT_CLASS = YES_ERROR;
				CLANG_WARN_SUSPICIOUS_MOVE = YES;
				CLANG_WARN_UNREACHABLE_CODE = YES;
				CLANG_WARN__DUPLICATE_METHOD_MATCH = YES;
				CODE_SIGN_IDENTITY = "iPhone Developer";
				"CODE_SIGN_IDENTITY[sdk=iphoneos*]" = "iPhone Developer";
				COPY_PHASE_STRIP = NO;
				DEBUG_INFORMATION_FORMAT = "dwarf-with-dsym";
				DEVELOPMENT_TEAM = 44BDED39CD;
				ENABLE_NS_ASSERTIONS = NO;
				ENABLE_STRICT_OBJC_MSGSEND = YES;
				GCC_C_LANGUAGE_STANDARD = gnu99;
				GCC_NO_COMMON_BLOCKS = YES;
				GCC_WARN_64_TO_32_BIT_CONVERSION = YES;
				GCC_WARN_ABOUT_RETURN_TYPE = YES_ERROR;
				GCC_WARN_UNDECLARED_SELECTOR = YES;
				GCC_WARN_UNINITIALIZED_AUTOS = YES_AGGRESSIVE;
				GCC_WARN_UNUSED_FUNCTION = YES;
				GCC_WARN_UNUSED_VARIABLE = YES;
				IPHONEOS_DEPLOYMENT_TARGET = 9.0;
				MTL_ENABLE_DEBUG_INFO = NO;
				PROVISIONING_PROFILE_SPECIFIER = Automatic;
				SDKROOT = iphoneos;
				SWIFT_OPTIMIZATION_LEVEL = "-Owholemodule";
				VALIDATE_PRODUCT = YES;
			};
			name = Release;
		};
		3F55093F1F266B4000DE9643 /* Debug */ = {
			isa = XCBuildConfiguration;
			buildSettings = {
				ASSETCATALOG_COMPILER_APPICON_NAME = AppIcon;
				"CODE_SIGN_IDENTITY[sdk=iphoneos*]" = "iPhone Developer";
				DEVELOPMENT_TEAM = 44BDED39CD;
				INFOPLIST_FILE = FlightMe/Info.plist;
				LD_RUNPATH_SEARCH_PATHS = "$(inherited) @executable_path/Frameworks";
				PRODUCT_BUNDLE_IDENTIFIER = com.FlightMe.identifier;
				PRODUCT_NAME = "$(TARGET_NAME)";
				PROVISIONING_PROFILE_SPECIFIER = "";
				SWIFT_VERSION = 3.0;
			};
			name = Debug;
		};
		3F5509401F266B4000DE9643 /* Release */ = {
			isa = XCBuildConfiguration;
			buildSettings = {
				ASSETCATALOG_COMPILER_APPICON_NAME = AppIcon;
				"CODE_SIGN_IDENTITY[sdk=iphoneos*]" = "iPhone Developer";
				DEVELOPMENT_TEAM = 44BDED39CD;
				INFOPLIST_FILE = FlightMe/Info.plist;
				LD_RUNPATH_SEARCH_PATHS = "$(inherited) @executable_path/Frameworks";
				PRODUCT_BUNDLE_IDENTIFIER = com.FlightMe.identifier;
				PRODUCT_NAME = "$(TARGET_NAME)";
				PROVISIONING_PROFILE_SPECIFIER = "";
				SWIFT_VERSION = 3.0;
			};
			name = Release;
		};
/* End XCBuildConfiguration section */

/* Begin XCConfigurationList section */
		3F5509271F266B3F00DE9643 /* Build configuration list for PBXProject "FlightMe" */ = {
			isa = XCConfigurationList;
			buildConfigurations = (
				3F55093C1F266B4000DE9643 /* Debug */,
				3F55093D1F266B4000DE9643 /* Release */,
			);
			defaultConfigurationIsVisible = 0;
			defaultConfigurationName = Release;
		};
		3F55093E1F266B4000DE9643 /* Build configuration list for PBXNativeTarget "FlightMe" */ = {
			isa = XCConfigurationList;
			buildConfigurations = (
				3F55093F1F266B4000DE9643 /* Debug */,
				3F5509401F266B4000DE9643 /* Release */,
			);
			defaultConfigurationIsVisible = 0;
			defaultConfigurationName = Release;
		};
/* End XCConfigurationList section */
	};
	rootObject = 3F5509241F266B3F00DE9643 /* Project object */;
}
